
Microsoft Visual Studio Solution File, Format Version 12.00
# Visual Studio Version 17
VisualStudioVersion = 17.11.35312.102
MinimumVisualStudioVersion = 10.0.40219.1
Project("{9A19103F-16F7-4668-BE54-9A1E7A4F7556}") = "BooksService.Api", "BooksService.Api\BooksService.Api.csproj", "{FFCF963A-1960-4598-B640-561B0BCCF424}"
EndProject
Project("{9A19103F-16F7-4668-BE54-9A1E7A4F7556}") = "BooksService.Application", "BooksService.Application\BooksService.Application.csproj", "{2A1997A7-5D68-42D5-BA54-CABA88FE44E6}"
EndProject
Project("{9A19103F-16F7-4668-BE54-9A1E7A4F7556}") = "BooksService.Domain", "BooksService.Domain\BooksService.Domain.csproj", "{7C6F2A4D-45F6-4489-86A7-6A68FFB3C12E}"
EndProject
Project("{9A19103F-16F7-4668-BE54-9A1E7A4F7556}") = "BooksService.Infrastructure", "BooksService.Infrastructure\BooksService.Infrastructure.csproj", "{AF12D73C-A016-475E-8598-3790D0A6C514}"
EndProject
Project("{9A19103F-16F7-4668-BE54-9A1E7A4F7556}") = "BooksService.Persistence", "BooksService.Persistence\BooksService.Persistence.csproj", "{2746E848-55B5-4056-83E0-675BE53AABBE}"
EndProject
Project("{E53339B2-1760-4266-BCC7-CA923CBCF16C}") = "docker-compose", "docker-compose.dcproj", "{40D0A55F-B9B4-41DC-997A-1AFEC5B221F0}"
EndProject
Global
	GlobalSection(SolutionConfigurationPlatforms) = preSolution
		Debug|Any CPU = Debug|Any CPU
		Release|Any CPU = Release|Any CPU
	EndGlobalSection
	GlobalSection(ProjectConfigurationPlatforms) = postSolution
		{FFCF963A-1960-4598-B640-561B0BCCF424}.Debug|Any CPU.ActiveCfg = Debug|Any CPU
		{FFCF963A-1960-4598-B640-561B0BCCF424}.Debug|Any CPU.Build.0 = Debug|Any CPU
		{FFCF963A-1960-4598-B640-561B0BCCF424}.Release|Any CPU.ActiveCfg = Release|Any CPU
		{FFCF963A-1960-4598-B640-561B0BCCF424}.Release|Any CPU.Build.0 = Release|Any CPU
		{2A1997A7-5D68-42D5-BA54-CABA88FE44E6}.Debug|Any CPU.ActiveCfg = Debug|Any CPU
		{2A1997A7-5D68-42D5-BA54-CABA88FE44E6}.Debug|Any CPU.Build.0 = Debug|Any CPU
		{2A1997A7-5D68-42D5-BA54-CABA88FE44E6}.Release|Any CPU.ActiveCfg = Release|Any CPU
		{2A1997A7-5D68-42D5-BA54-CABA88FE44E6}.Release|Any CPU.Build.0 = Release|Any CPU
		{7C6F2A4D-45F6-4489-86A7-6A68FFB3C12E}.Debug|Any CPU.ActiveCfg = Debug|Any CPU
		{7C6F2A4D-45F6-4489-86A7-6A68FFB3C12E}.Debug|Any CPU.Build.0 = Debug|Any CPU
		{7C6F2A4D-45F6-4489-86A7-6A68FFB3C12E}.Release|Any CPU.ActiveCfg = Release|Any CPU
		{7C6F2A4D-45F6-4489-86A7-6A68FFB3C12E}.Release|Any CPU.Build.0 = Release|Any CPU
		{AF12D73C-A016-475E-8598-3790D0A6C514}.Debug|Any CPU.ActiveCfg = Debug|Any CPU
		{AF12D73C-A016-475E-8598-3790D0A6C514}.Debug|Any CPU.Build.0 = Debug|Any CPU
		{AF12D73C-A016-475E-8598-3790D0A6C514}.Release|Any CPU.ActiveCfg = Release|Any CPU
		{AF12D73C-A016-475E-8598-3790D0A6C514}.Release|Any CPU.Build.0 = Release|Any CPU
		{2746E848-55B5-4056-83E0-675BE53AABBE}.Debug|Any CPU.ActiveCfg = Debug|Any CPU
		{2746E848-55B5-4056-83E0-675BE53AABBE}.Debug|Any CPU.Build.0 = Debug|Any CPU
		{2746E848-55B5-4056-83E0-675BE53AABBE}.Release|Any CPU.ActiveCfg = Release|Any CPU
		{2746E848-55B5-4056-83E0-675BE53AABBE}.Release|Any CPU.Build.0 = Release|Any CPU
		{40D0A55F-B9B4-41DC-997A-1AFEC5B221F0}.Debug|Any CPU.ActiveCfg = Debug|Any CPU
		{40D0A55F-B9B4-41DC-997A-1AFEC5B221F0}.Debug|Any CPU.Build.0 = Debug|Any CPU
		{40D0A55F-B9B4-41DC-997A-1AFEC5B221F0}.Release|Any CPU.ActiveCfg = Release|Any CPU
		{40D0A55F-B9B4-41DC-997A-1AFEC5B221F0}.Release|Any CPU.Build.0 = Release|Any CPU
	EndGlobalSection
	GlobalSection(SolutionProperties) = preSolution
		HideSolutionNode = FALSE
	EndGlobalSection
	GlobalSection(ExtensibilityGlobals) = postSolution
		SolutionGuid = {505A49F0-1CA0-48CC-9E81-AE7B83F4A43E}
	EndGlobalSection
EndGlobal
